
Microsoft Visual Studio Solution File, Format Version 12.00
# Visual Studio Version 17
VisualStudioVersion = 17.2.32519.379
MinimumVisualStudioVersion = 10.0.40219.1
Project("{FAE04EC0-301F-11D3-BF4B-00C04F79EFBC}") = "opject", "opject\opject.csproj", "{7332FEC3-59AF-4DBB-811A-96A9C9C61AC4}"
EndProject
Global
	GlobalSection(SolutionConfigurationPlatforms) = preSolution
		Debug|Any CPU = Debug|Any CPU
		Release|Any CPU = Release|Any CPU
	EndGlobalSection
	GlobalSection(ProjectConfigurationPlatforms) = postSolution
		{7332FEC3-59AF-4DBB-811A-96A9C9C61AC4}.Debug|Any CPU.ActiveCfg = Debug|Any CPU
		{7332FEC3-59AF-4DBB-811A-96A9C9C61AC4}.Debug|Any CPU.Build.0 = Debug|Any CPU
		{7332FEC3-59AF-4DBB-811A-96A9C9C61AC4}.Release|Any CPU.ActiveCfg = Release|Any CPU
		{7332FEC3-59AF-4DBB-811A-96A9C9C61AC4}.Release|Any CPU.Build.0 = Release|Any CPU
	EndGlobalSection
	GlobalSection(SolutionProperties) = preSolution
		HideSolutionNode = FALSE
	EndGlobalSection
	GlobalSection(ExtensibilityGlobals) = postSolution
		SolutionGuid = {F7EFBD4B-3E1B-4BC7-8176-1760B188BD6F}
	EndGlobalSection
EndGlobal
